
Microsoft Visual Studio Solution File, Format Version 12.00
# Visual Studio 15
VisualStudioVersion = 15.0.27130.2010
MinimumVisualStudioVersion = 10.0.40219.1
Project("{9A19103F-16F7-4668-BE54-9A1E7A4F7556}") = "MPDex", "MPDex\MPDex.csproj", "{6495770D-4AC9-4E1F-89F7-AC7A3EA2BE70}"
EndProject
Project("{9A19103F-16F7-4668-BE54-9A1E7A4F7556}") = "MPDex.Data", "MPDex.Repository\MPDex.Data.csproj", "{C3E37612-90B6-4BE5-B4AA-10B923B7208F}"
EndProject
Global
	GlobalSection(SolutionConfigurationPlatforms) = preSolution
		Debug|Any CPU = Debug|Any CPU
		Release|Any CPU = Release|Any CPU
	EndGlobalSection
	GlobalSection(ProjectConfigurationPlatforms) = postSolution
		{6495770D-4AC9-4E1F-89F7-AC7A3EA2BE70}.Debug|Any CPU.ActiveCfg = Debug|Any CPU
		{6495770D-4AC9-4E1F-89F7-AC7A3EA2BE70}.Debug|Any CPU.Build.0 = Debug|Any CPU
		{6495770D-4AC9-4E1F-89F7-AC7A3EA2BE70}.Release|Any CPU.ActiveCfg = Release|Any CPU
		{6495770D-4AC9-4E1F-89F7-AC7A3EA2BE70}.Release|Any CPU.Build.0 = Release|Any CPU
		{C3E37612-90B6-4BE5-B4AA-10B923B7208F}.Debug|Any CPU.ActiveCfg = Debug|Any CPU
		{C3E37612-90B6-4BE5-B4AA-10B923B7208F}.Debug|Any CPU.Build.0 = Debug|Any CPU
		{C3E37612-90B6-4BE5-B4AA-10B923B7208F}.Release|Any CPU.ActiveCfg = Release|Any CPU
		{C3E37612-90B6-4BE5-B4AA-10B923B7208F}.Release|Any CPU.Build.0 = Release|Any CPU
	EndGlobalSection
	GlobalSection(SolutionProperties) = preSolution
		HideSolutionNode = FALSE
	EndGlobalSection
	GlobalSection(ExtensibilityGlobals) = postSolution
		SolutionGuid = {FF2BFACF-0B16-40CC-BA63-056FCB353D21}
	EndGlobalSection
EndGlobal
